// !$*UTF8*$!
{
	archiveVersion = 1;
	classes = {
	};
	objectVersion = 55;
	objects = {

/* Begin PBXBuildFile section */
		843E6F0F279884AE00073FBD /* TransportTypeViewController.swift in Sources */ = {isa = PBXBuildFile; fileRef = 843E6F0E279884AE00073FBD /* TransportTypeViewController.swift */; };
		84B3BCC927981ABD003CDDD8 /* ConfigureLocationManager.swift in Sources */ = {isa = PBXBuildFile; fileRef = 84B3BCC827981ABD003CDDD8 /* ConfigureLocationManager.swift */; };
		84B3BCCB27981AD7003CDDD8 /* ConfigureSearch.swift in Sources */ = {isa = PBXBuildFile; fileRef = 84B3BCCA27981AD7003CDDD8 /* ConfigureSearch.swift */; };
		84B3BCCD27981AEA003CDDD8 /* ConfigureCenterToLocationFunc.swift in Sources */ = {isa = PBXBuildFile; fileRef = 84B3BCCC27981AEA003CDDD8 /* ConfigureCenterToLocationFunc.swift */; };
		84B3BCCF27981B05003CDDD8 /* SetConstraints.swift in Sources */ = {isa = PBXBuildFile; fileRef = 84B3BCCE27981B05003CDDD8 /* SetConstraints.swift */; };
		84B3BCD227981B31003CDDD8 /* Presenter.swift in Sources */ = {isa = PBXBuildFile; fileRef = 84B3BCD127981B31003CDDD8 /* Presenter.swift */; };
		84B3BCD427981B4D003CDDD8 /* Entity.swift in Sources */ = {isa = PBXBuildFile; fileRef = 84B3BCD327981B4D003CDDD8 /* Entity.swift */; };
		84B3BCD627981B5A003CDDD8 /* Router.swift in Sources */ = {isa = PBXBuildFile; fileRef = 84B3BCD527981B5A003CDDD8 /* Router.swift */; };
		84B3BCD827981B77003CDDD8 /* Interacor.swift in Sources */ = {isa = PBXBuildFile; fileRef = 84B3BCD727981B77003CDDD8 /* Interacor.swift */; };
		84B3BCDA27981B89003CDDD8 /* InternetService.swift in Sources */ = {isa = PBXBuildFile; fileRef = 84B3BCD927981B89003CDDD8 /* InternetService.swift */; };
		84B3BCDC27981B98003CDDD8 /* StoreService.swift in Sources */ = {isa = PBXBuildFile; fileRef = 84B3BCDB27981B98003CDDD8 /* StoreService.swift */; };
		84B3BCE027981C98003CDDD8 /* MapKit.framework in Frameworks */ = {isa = PBXBuildFile; fileRef = 84B3BCDF27981C98003CDDD8 /* MapKit.framework */; };
		84C11C08279819D800907008 /* AppDelegate.swift in Sources */ = {isa = PBXBuildFile; fileRef = 84C11C07279819D800907008 /* AppDelegate.swift */; };
		84C11C0A279819D800907008 /* SceneDelegate.swift in Sources */ = {isa = PBXBuildFile; fileRef = 84C11C09279819D800907008 /* SceneDelegate.swift */; };
		84C11C0C279819D800907008 /* ViewController.swift in Sources */ = {isa = PBXBuildFile; fileRef = 84C11C0B279819D800907008 /* ViewController.swift */; };
		84C11C12279819D800907008 /* Navigator.xcdatamodeld in Sources */ = {isa = PBXBuildFile; fileRef = 84C11C10279819D800907008 /* Navigator.xcdatamodeld */; };
		84C11C14279819D900907008 /* Assets.xcassets in Resources */ = {isa = PBXBuildFile; fileRef = 84C11C13279819D900907008 /* Assets.xcassets */; };
		84C11C17279819DA00907008 /* LaunchScreen.storyboard in Resources */ = {isa = PBXBuildFile; fileRef = 84C11C15279819DA00907008 /* LaunchScreen.storyboard */; };
		84C11C1F27981A7E00907008 /* MapStyleViewController.swift in Sources */ = {isa = PBXBuildFile; fileRef = 84C11C1E27981A7E00907008 /* MapStyleViewController.swift */; };
		84C11C2127981A9B00907008 /* ConfigureGesturePolitics.swift in Sources */ = {isa = PBXBuildFile; fileRef = 84C11C2027981A9B00907008 /* ConfigureGesturePolitics.swift */; };
/* End PBXBuildFile section */

/* Begin PBXFileReference section */
		843E6F0E279884AE00073FBD /* TransportTypeViewController.swift */ = {isa = PBXFileReference; lastKnownFileType = sourcecode.swift; path = TransportTypeViewController.swift; sourceTree = "<group>"; };
		84B3BCC827981ABD003CDDD8 /* ConfigureLocationManager.swift */ = {isa = PBXFileReference; lastKnownFileType = sourcecode.swift; path = ConfigureLocationManager.swift; sourceTree = "<group>"; };
		84B3BCCA27981AD7003CDDD8 /* ConfigureSearch.swift */ = {isa = PBXFileReference; lastKnownFileType = sourcecode.swift; path = ConfigureSearch.swift; sourceTree = "<group>"; };
		84B3BCCC27981AEA003CDDD8 /* ConfigureCenterToLocationFunc.swift */ = {isa = PBXFileReference; lastKnownFileType = sourcecode.swift; path = ConfigureCenterToLocationFunc.swift; sourceTree = "<group>"; };
		84B3BCCE27981B05003CDDD8 /* SetConstraints.swift */ = {isa = PBXFileReference; lastKnownFileType = sourcecode.swift; path = SetConstraints.swift; sourceTree = "<group>"; };
		84B3BCD127981B31003CDDD8 /* Presenter.swift */ = {isa = PBXFileReference; lastKnownFileType = sourcecode.swift; path = Presenter.swift; sourceTree = "<group>"; };
		84B3BCD327981B4D003CDDD8 /* Entity.swift */ = {isa = PBXFileReference; lastKnownFileType = sourcecode.swift; path = Entity.swift; sourceTree = "<group>"; };
		84B3BCD527981B5A003CDDD8 /* Router.swift */ = {isa = PBXFileReference; lastKnownFileType = sourcecode.swift; path = Router.swift; sourceTree = "<group>"; };
		84B3BCD727981B77003CDDD8 /* Interacor.swift */ = {isa = PBXFileReference; lastKnownFileType = sourcecode.swift; path = Interacor.swift; sourceTree = "<group>"; };
		84B3BCD927981B89003CDDD8 /* InternetService.swift */ = {isa = PBXFileReference; lastKnownFileType = sourcecode.swift; path = InternetService.swift; sourceTree = "<group>"; };
		84B3BCDB27981B98003CDDD8 /* StoreService.swift */ = {isa = PBXFileReference; lastKnownFileType = sourcecode.swift; path = StoreService.swift; sourceTree = "<group>"; };
		84B3BCDF27981C98003CDDD8 /* MapKit.framework */ = {isa = PBXFileReference; lastKnownFileType = wrapper.framework; name = MapKit.framework; path = System/Library/Frameworks/MapKit.framework; sourceTree = SDKROOT; };
		84C11C04279819D800907008 /* Navigator.app */ = {isa = PBXFileReference; explicitFileType = wrapper.application; includeInIndex = 0; path = Navigator.app; sourceTree = BUILT_PRODUCTS_DIR; };
		84C11C07279819D800907008 /* AppDelegate.swift */ = {isa = PBXFileReference; lastKnownFileType = sourcecode.swift; path = AppDelegate.swift; sourceTree = "<group>"; };
		84C11C09279819D800907008 /* SceneDelegate.swift */ = {isa = PBXFileReference; lastKnownFileType = sourcecode.swift; path = SceneDelegate.swift; sourceTree = "<group>"; };
		84C11C0B279819D800907008 /* ViewController.swift */ = {isa = PBXFileReference; lastKnownFileType = sourcecode.swift; path = ViewController.swift; sourceTree = "<group>"; };
		84C11C11279819D800907008 /* Navigator.xcdatamodel */ = {isa = PBXFileReference; lastKnownFileType = wrapper.xcdatamodel; path = Navigator.xcdatamodel; sourceTree = "<group>"; };
		84C11C13279819D900907008 /* Assets.xcassets */ = {isa = PBXFileReference; lastKnownFileType = folder.assetcatalog; path = Assets.xcassets; sourceTree = "<group>"; };
		84C11C16279819DA00907008 /* Base */ = {isa = PBXFileReference; lastKnownFileType = file.storyboard; name = Base; path = Base.lproj/LaunchScreen.storyboard; sourceTree = "<group>"; };
		84C11C18279819DA00907008 /* Info.plist */ = {isa = PBXFileReference; lastKnownFileType = text.plist.xml; path = Info.plist; sourceTree = "<group>"; };
		84C11C1E27981A7E00907008 /* MapStyleViewController.swift */ = {isa = PBXFileReference; lastKnownFileType = sourcecode.swift; path = MapStyleViewController.swift; sourceTree = "<group>"; };
		84C11C2027981A9B00907008 /* ConfigureGesturePolitics.swift */ = {isa = PBXFileReference; lastKnownFileType = sourcecode.swift; path = ConfigureGesturePolitics.swift; sourceTree = "<group>"; };
/* End PBXFileReference section */

/* Begin PBXFrameworksBuildPhase section */
		84C11C01279819D800907008 /* Frameworks */ = {
			isa = PBXFrameworksBuildPhase;
			buildActionMask = 2147483647;
			files = (
				84B3BCE027981C98003CDDD8 /* MapKit.framework in Frameworks */,
			);
			runOnlyForDeploymentPostprocessing = 0;
		};
/* End PBXFrameworksBuildPhase section */

/* Begin PBXGroup section */
		84B3BCD027981B20003CDDD8 /* View */ = {
			isa = PBXGroup;
			children = (
				84C11C0B279819D800907008 /* ViewController.swift */,
				84C11C1E27981A7E00907008 /* MapStyleViewController.swift */,
				843E6F0E279884AE00073FBD /* TransportTypeViewController.swift */,
				84C11C2027981A9B00907008 /* ConfigureGesturePolitics.swift */,
				84B3BCC827981ABD003CDDD8 /* ConfigureLocationManager.swift */,
				84B3BCCA27981AD7003CDDD8 /* ConfigureSearch.swift */,
				84B3BCCC27981AEA003CDDD8 /* ConfigureCenterToLocationFunc.swift */,
				84B3BCCE27981B05003CDDD8 /* SetConstraints.swift */,
			);
			path = View;
			sourceTree = "<group>";
		};
		84B3BCDD27981C0C003CDDD8 /* Interactor */ = {
			isa = PBXGroup;
			children = (
				84B3BCD727981B77003CDDD8 /* Interacor.swift */,
				84B3BCD927981B89003CDDD8 /* InternetService.swift */,
				84B3BCDB27981B98003CDDD8 /* StoreService.swift */,
			);
			path = Interactor;
			sourceTree = "<group>";
		};
		84B3BCDE27981C98003CDDD8 /* Frameworks */ = {
			isa = PBXGroup;
			children = (
				84B3BCDF27981C98003CDDD8 /* MapKit.framework */,
			);
			name = Frameworks;
			sourceTree = "<group>";
		};
		84C11BFB279819D800907008 = {
			isa = PBXGroup;
			children = (
				84C11C06279819D800907008 /* Navigator */,
				84C11C05279819D800907008 /* Products */,
				84B3BCDE27981C98003CDDD8 /* Frameworks */,
			);
			sourceTree = "<group>";
		};
		84C11C05279819D800907008 /* Products */ = {
			isa = PBXGroup;
			children = (
				84C11C04279819D800907008 /* Navigator.app */,
			);
			name = Products;
			sourceTree = "<group>";
		};
		84C11C06279819D800907008 /* Navigator */ = {
			isa = PBXGroup;
			children = (
				84C11C07279819D800907008 /* AppDelegate.swift */,
				84C11C09279819D800907008 /* SceneDelegate.swift */,
				84B3BCD027981B20003CDDD8 /* View */,
				84B3BCDD27981C0C003CDDD8 /* Interactor */,
				84B3BCD127981B31003CDDD8 /* Presenter.swift */,
				84B3BCD327981B4D003CDDD8 /* Entity.swift */,
				84B3BCD527981B5A003CDDD8 /* Router.swift */,
				84C11C13279819D900907008 /* Assets.xcassets */,
				84C11C15279819DA00907008 /* LaunchScreen.storyboard */,
				84C11C18279819DA00907008 /* Info.plist */,
				84C11C10279819D800907008 /* Navigator.xcdatamodeld */,
			);
			path = Navigator;
			sourceTree = "<group>";
		};
/* End PBXGroup section */

/* Begin PBXNativeTarget section */
		84C11C03279819D800907008 /* Navigator */ = {
			isa = PBXNativeTarget;
			buildConfigurationList = 84C11C1B279819DA00907008 /* Build configuration list for PBXNativeTarget "Navigator" */;
			buildPhases = (
				84C11C00279819D800907008 /* Sources */,
				84C11C01279819D800907008 /* Frameworks */,
				84C11C02279819D800907008 /* Resources */,
			);
			buildRules = (
			);
			dependencies = (
			);
			name = Navigator;
			productName = Navigator;
			productReference = 84C11C04279819D800907008 /* Navigator.app */;
			productType = "com.apple.product-type.application";
		};
/* End PBXNativeTarget section */

/* Begin PBXProject section */
		84C11BFC279819D800907008 /* Project object */ = {
			isa = PBXProject;
			attributes = {
				BuildIndependentTargetsInParallel = 1;
				LastSwiftUpdateCheck = 1320;
				LastUpgradeCheck = 1320;
				TargetAttributes = {
					84C11C03279819D800907008 = {
						CreatedOnToolsVersion = 13.2.1;
					};
				};
			};
			buildConfigurationList = 84C11BFF279819D800907008 /* Build configuration list for PBXProject "Navigator" */;
			compatibilityVersion = "Xcode 13.0";
			developmentRegion = en;
			hasScannedForEncodings = 0;
			knownRegions = (
				en,
				Base,
			);
			mainGroup = 84C11BFB279819D800907008;
			productRefGroup = 84C11C05279819D800907008 /* Products */;
			projectDirPath = "";
			projectRoot = "";
			targets = (
				84C11C03279819D800907008 /* Navigator */,
			);
		};
/* End PBXProject section */

/* Begin PBXResourcesBuildPhase section */
		84C11C02279819D800907008 /* Resources */ = {
			isa = PBXResourcesBuildPhase;
			buildActionMask = 2147483647;
			files = (
				84C11C17279819DA00907008 /* LaunchScreen.storyboard in Resources */,
				84C11C14279819D900907008 /* Assets.xcassets in Resources */,
			);
			runOnlyForDeploymentPostprocessing = 0;
		};
/* End PBXResourcesBuildPhase section */

/* Begin PBXSourcesBuildPhase section */
		84C11C00279819D800907008 /* Sources */ = {
			isa = PBXSourcesBuildPhase;
			buildActionMask = 2147483647;
			files = (
				843E6F0F279884AE00073FBD /* TransportTypeViewController.swift in Sources */,
				84B3BCCB27981AD7003CDDD8 /* ConfigureSearch.swift in Sources */,
				84B3BCD227981B31003CDDD8 /* Presenter.swift in Sources */,
				84C11C0C279819D800907008 /* ViewController.swift in Sources */,
				84C11C12279819D800907008 /* Navigator.xcdatamodeld in Sources */,
				84C11C1F27981A7E00907008 /* MapStyleViewController.swift in Sources */,
				84B3BCD827981B77003CDDD8 /* Interacor.swift in Sources */,
				84B3BCC927981ABD003CDDD8 /* ConfigureLocationManager.swift in Sources */,
				84C11C08279819D800907008 /* AppDelegate.swift in Sources */,
				84B3BCDA27981B89003CDDD8 /* InternetService.swift in Sources */,
				84C11C0A279819D800907008 /* SceneDelegate.swift in Sources */,
				84B3BCD427981B4D003CDDD8 /* Entity.swift in Sources */,
				84B3BCDC27981B98003CDDD8 /* StoreService.swift in Sources */,
				84B3BCCF27981B05003CDDD8 /* SetConstraints.swift in Sources */,
				84C11C2127981A9B00907008 /* ConfigureGesturePolitics.swift in Sources */,
				84B3BCCD27981AEA003CDDD8 /* ConfigureCenterToLocationFunc.swift in Sources */,
				84B3BCD627981B5A003CDDD8 /* Router.swift in Sources */,
			);
			runOnlyForDeploymentPostprocessing = 0;
		};
/* End PBXSourcesBuildPhase section */

/* Begin PBXVariantGroup section */
		84C11C15279819DA00907008 /* LaunchScreen.storyboard */ = {
			isa = PBXVariantGroup;
			children = (
				84C11C16279819DA00907008 /* Base */,
			);
			name = LaunchScreen.storyboard;
			sourceTree = "<group>";
		};
/* End PBXVariantGroup section */

/* Begin XCBuildConfiguration section */
		84C11C19279819DA00907008 /* Debug */ = {
			isa = XCBuildConfiguration;
			buildSettings = {
				ALWAYS_SEARCH_USER_PATHS = NO;
				CLANG_ANALYZER_NONNULL = YES;
				CLANG_ANALYZER_NUMBER_OBJECT_CONVERSION = YES_AGGRESSIVE;
				CLANG_CXX_LANGUAGE_STANDARD = "gnu++17";
				CLANG_CXX_LIBRARY = "libc++";
				CLANG_ENABLE_MODULES = YES;
				CLANG_ENABLE_OBJC_ARC = YES;
				CLANG_ENABLE_OBJC_WEAK = YES;
				CLANG_WARN_BLOCK_CAPTURE_AUTORELEASING = YES;
				CLANG_WARN_BOOL_CONVERSION = YES;
				CLANG_WARN_COMMA = YES;
				CLANG_WARN_CONSTANT_CONVERSION = YES;
				CLANG_WARN_DEPRECATED_OBJC_IMPLEMENTATIONS = YES;
				CLANG_WARN_DIRECT_OBJC_ISA_USAGE = YES_ERROR;
				CLANG_WARN_DOCUMENTATION_COMMENTS = YES;
				CLANG_WARN_EMPTY_BODY = YES;
				CLANG_WARN_ENUM_CONVERSION = YES;
				CLANG_WARN_INFINITE_RECURSION = YES;
				CLANG_WARN_INT_CONVERSION = YES;
				CLANG_WARN_NON_LITERAL_NULL_CONVERSION = YES;
				CLANG_WARN_OBJC_IMPLICIT_RETAIN_SELF = YES;
				CLANG_WARN_OBJC_LITERAL_CONVERSION = YES;
				CLANG_WARN_OBJC_ROOT_CLASS = YES_ERROR;
				CLANG_WARN_QUOTED_INCLUDE_IN_FRAMEWORK_HEADER = YES;
				CLANG_WARN_RANGE_LOOP_ANALYSIS = YES;
				CLANG_WARN_STRICT_PROTOTYPES = YES;
				CLANG_WARN_SUSPICIOUS_MOVE = YES;
				CLANG_WARN_UNGUARDED_AVAILABILITY = YES_AGGRESSIVE;
				CLANG_WARN_UNREACHABLE_CODE = YES;
				CLANG_WARN__DUPLICATE_METHOD_MATCH = YES;
				COPY_PHASE_STRIP = NO;
				DEBUG_INFORMATION_FORMAT = dwarf;
				ENABLE_STRICT_OBJC_MSGSEND = YES;
				ENABLE_TESTABILITY = YES;
				GCC_C_LANGUAGE_STANDARD = gnu11;
				GCC_DYNAMIC_NO_PIC = NO;
				GCC_NO_COMMON_BLOCKS = YES;
				GCC_OPTIMIZATION_LEVEL = 0;
				GCC_PREPROCESSOR_DEFINITIONS = (
					"DEBUG=1",
					"$(inherited)",
				);
				GCC_WARN_64_TO_32_BIT_CONVERSION = YES;
				GCC_WARN_ABOUT_RETURN_TYPE = YES_ERROR;
				GCC_WARN_UNDECLARED_SELECTOR = YES;
				GCC_WARN_UNINITIALIZED_AUTOS = YES_AGGRESSIVE;
				GCC_WARN_UNUSED_FUNCTION = YES;
				GCC_WARN_UNUSED_VARIABLE = YES;
				IPHONEOS_DEPLOYMENT_TARGET = 15.1;
				MTL_ENABLE_DEBUG_INFO = INCLUDE_SOURCE;
				MTL_FAST_MATH = YES;
				ONLY_ACTIVE_ARCH = YES;
				SDKROOT = iphoneos;
				SWIFT_ACTIVE_COMPILATION_CONDITIONS = DEBUG;
				SWIFT_OPTIMIZATION_LEVEL = "-Onone";
			};
			name = Debug;
		};
		84C11C1A279819DA00907008 /* Release */ = {
			isa = XCBuildConfiguration;
			buildSettings = {
				ALWAYS_SEARCH_USER_PATHS = NO;
				CLANG_ANALYZER_NONNULL = YES;
				CLANG_ANALYZER_NUMBER_OBJECT_CONVERSION = YES_AGGRESSIVE;
				CLANG_CXX_LANGUAGE_STANDARD = "gnu++17";
				CLANG_CXX_LIBRARY = "libc++";
				CLANG_ENABLE_MODULES = YES;
				CLANG_ENABLE_OBJC_ARC = YES;
				CLANG_ENABLE_OBJC_WEAK = YES;
				CLANG_WARN_BLOCK_CAPTURE_AUTORELEASING = YES;
				CLANG_WARN_BOOL_CONVERSION = YES;
				CLANG_WARN_COMMA = YES;
				CLANG_WARN_CONSTANT_CONVERSION = YES;
				CLANG_WARN_DEPRECATED_OBJC_IMPLEMENTATIONS = YES;
				CLANG_WARN_DIRECT_OBJC_ISA_USAGE = YES_ERROR;
				CLANG_WARN_DOCUMENTATION_COMMENTS = YES;
				CLANG_WARN_EMPTY_BODY = YES;
				CLANG_WARN_ENUM_CONVERSION = YES;
				CLANG_WARN_INFINITE_RECURSION = YES;
				CLANG_WARN_INT_CONVERSION = YES;
				CLANG_WARN_NON_LITERAL_NULL_CONVERSION = YES;
				CLANG_WARN_OBJC_IMPLICIT_RETAIN_SELF = YES;
				CLANG_WARN_OBJC_LITERAL_CONVERSION = YES;
				CLANG_WARN_OBJC_ROOT_CLASS = YES_ERROR;
				CLANG_WARN_QUOTED_INCLUDE_IN_FRAMEWORK_HEADER = YES;
				CLANG_WARN_RANGE_LOOP_ANALYSIS = YES;
				CLANG_WARN_STRICT_PROTOTYPES = YES;
				CLANG_WARN_SUSPICIOUS_MOVE = YES;
				CLANG_WARN_UNGUARDED_AVAILABILITY = YES_AGGRESSIVE;
				CLANG_WARN_UNREACHABLE_CODE = YES;
				CLANG_WARN__DUPLICATE_METHOD_MATCH = YES;
				COPY_PHASE_STRIP = NO;
				DEBUG_INFORMATION_FORMAT = "dwarf-with-dsym";
				ENABLE_NS_ASSERTIONS = NO;
				ENABLE_STRICT_OBJC_MSGSEND = YES;
				GCC_C_LANGUAGE_STANDARD = gnu11;
				GCC_NO_COMMON_BLOCKS = YES;
				GCC_WARN_64_TO_32_BIT_CONVERSION = YES;
				GCC_WARN_ABOUT_RETURN_TYPE = YES_ERROR;
				GCC_WARN_UNDECLARED_SELECTOR = YES;
				GCC_WARN_UNINITIALIZED_AUTOS = YES_AGGRESSIVE;
				GCC_WARN_UNUSED_FUNCTION = YES;
				GCC_WARN_UNUSED_VARIABLE = YES;
				IPHONEOS_DEPLOYMENT_TARGET = 15.1;
				MTL_ENABLE_DEBUG_INFO = NO;
				MTL_FAST_MATH = YES;
				SDKROOT = iphoneos;
				SWIFT_COMPILATION_MODE = wholemodule;
				SWIFT_OPTIMIZATION_LEVEL = "-O";
				VALIDATE_PRODUCT = YES;
			};
			name = Release;
		};
		84C11C1C279819DA00907008 /* Debug */ = {
			isa = XCBuildConfiguration;
			buildSettings = {
				ASSETCATALOG_COMPILER_APPICON_NAME = AppIcon;
				ASSETCATALOG_COMPILER_GLOBAL_ACCENT_COLOR_NAME = AccentColor;
				CODE_SIGN_STYLE = Automatic;
				CURRENT_PROJECT_VERSION = 1;
				DEVELOPMENT_TEAM = 62XGY8QWW9;
				GENERATE_INFOPLIST_FILE = YES;
				INFOPLIST_FILE = Navigator/Info.plist;
				INFOPLIST_KEY_NSLocationAlwaysAndWhenInUseUsageDescription = "We will collect your location data if you don't mind of course ";
				INFOPLIST_KEY_NSLocationWhenInUseUsageDescription = "We will collect your location data if you don't mind of course ";
				INFOPLIST_KEY_UIApplicationSupportsIndirectInputEvents = YES;
				INFOPLIST_KEY_UILaunchStoryboardName = LaunchScreen;
				INFOPLIST_KEY_UISupportedInterfaceOrientations_iPad = UIInterfaceOrientationPortrait;
				INFOPLIST_KEY_UISupportedInterfaceOrientations_iPhone = UIInterfaceOrientationPortrait;
				LD_RUNPATH_SEARCH_PATHS = (
					"$(inherited)",
					"@executable_path/Frameworks",
				);
				MARKETING_VERSION = 1.0;
				PRODUCT_BUNDLE_IDENTIFIER = "-77.Navigator";
				PRODUCT_NAME = "$(TARGET_NAME)";
				SWIFT_EMIT_LOC_STRINGS = YES;
				SWIFT_VERSION = 5.0;
				TARGETED_DEVICE_FAMILY = "1,2";
			};
			name = Debug;
		};
		84C11C1D279819DA00907008 /* Release */ = {
			isa = XCBuildConfiguration;
			buildSettings = {
				ASSETCATALOG_COMPILER_APPICON_NAME = AppIcon;
				ASSETCATALOG_COMPILER_GLOBAL_ACCENT_COLOR_NAME = AccentColor;
				CODE_SIGN_STYLE = Automatic;
				CURRENT_PROJECT_VERSION = 1;
				DEVELOPMENT_TEAM = 62XGY8QWW9;
				GENERATE_INFOPLIST_FILE = YES;
				INFOPLIST_FILE = Navigator/Info.plist;
				INFOPLIST_KEY_NSLocationAlwaysAndWhenInUseUsageDescription = "We will collect your location data if you don't mind of course ";
				INFOPLIST_KEY_NSLocationWhenInUseUsageDescription = "We will collect your location data if you don't mind of course ";
				INFOPLIST_KEY_UIApplicationSupportsIndirectInputEvents = YES;
				INFOPLIST_KEY_UILaunchStoryboardName = LaunchScreen;
				INFOPLIST_KEY_UISupportedInterfaceOrientations_iPad = UIInterfaceOrientationPortrait;
				INFOPLIST_KEY_UISupportedInterfaceOrientations_iPhone = UIInterfaceOrientationPortrait;
				LD_RUNPATH_SEARCH_PATHS = (
					"$(inherited)",
					"@executable_path/Frameworks",
				);
				MARKETING_VERSION = 1.0;
				PRODUCT_BUNDLE_IDENTIFIER = "-77.Navigator";
				PRODUCT_NAME = "$(TARGET_NAME)";
				SWIFT_EMIT_LOC_STRINGS = YES;
				SWIFT_VERSION = 5.0;
				TARGETED_DEVICE_FAMILY = "1,2";
			};
			name = Release;
		};
/* End XCBuildConfiguration section */

/* Begin XCConfigurationList section */
		84C11BFF279819D800907008 /* Build configuration list for PBXProject "Navigator" */ = {
			isa = XCConfigurationList;
			buildConfigurations = (
				84C11C19279819DA00907008 /* Debug */,
				84C11C1A279819DA00907008 /* Release */,
			);
			defaultConfigurationIsVisible = 0;
			defaultConfigurationName = Release;
		};
		84C11C1B279819DA00907008 /* Build configuration list for PBXNativeTarget "Navigator" */ = {
			isa = XCConfigurationList;
			buildConfigurations = (
				84C11C1C279819DA00907008 /* Debug */,
				84C11C1D279819DA00907008 /* Release */,
			);
			defaultConfigurationIsVisible = 0;
			defaultConfigurationName = Release;
		};
/* End XCConfigurationList section */

/* Begin XCVersionGroup section */
		84C11C10279819D800907008 /* Navigator.xcdatamodeld */ = {
			isa = XCVersionGroup;
			children = (
				84C11C11279819D800907008 /* Navigator.xcdatamodel */,
			);
			currentVersion = 84C11C11279819D800907008 /* Navigator.xcdatamodel */;
			path = Navigator.xcdatamodeld;
			sourceTree = "<group>";
			versionGroupType = wrapper.xcdatamodel;
		};
/* End XCVersionGroup section */
	};
	rootObject = 84C11BFC279819D800907008 /* Project object */;
}
